
Microsoft Visual Studio Solution File, Format Version 11.00
# Visual Studio 2010
Project("{FAE04EC0-301F-11D3-BF4B-00C04F79EFBC}") = "MonteCarloWrapperTester", "MonteCarloWrapperTester\MonteCarloWrapperTester.csproj", "{866919C1-8C45-4EA6-A577-9322CD51AA87}"
	ProjectSection(ProjectDependencies) = postProject
		{359844B8-B37C-4C53-9D9A-59D81B2377AA} = {359844B8-B37C-4C53-9D9A-59D81B2377AA}
	EndProjectSection
EndProject
Project("{8BC9CEB8-8B4A-11D0-8D11-00A0C91BC942}") = "MonteCarloCLI", "MonteCarloCLI\MonteCarloCLI.vcxproj", "{616F4AFA-973F-4FE0-AB4C-6F537EE3EECF}"
	ProjectSection(ProjectDependencies) = postProject
		{359844B8-B37C-4C53-9D9A-59D81B2377AA} = {359844B8-B37C-4C53-9D9A-59D81B2377AA}
	EndProjectSection
EndProject
Project("{8BC9CEB8-8B4A-11D0-8D11-00A0C91BC942}") = "MonteCarlo", "MonteCarlo\MonteCarlo.vcxproj", "{359844B8-B37C-4C53-9D9A-59D81B2377AA}"
EndProject
Global
	GlobalSection(SolutionConfigurationPlatforms) = preSolution
		Debug|Mixed Platforms = Debug|Mixed Platforms
		Debug|Win32 = Debug|Win32
		DebugCUDA|Mixed Platforms = DebugCUDA|Mixed Platforms
		DebugCUDA|Win32 = DebugCUDA|Win32
		DebugOpenCL|Mixed Platforms = DebugOpenCL|Mixed Platforms
		DebugOpenCL|Win32 = DebugOpenCL|Win32
		DebugPPL|Mixed Platforms = DebugPPL|Mixed Platforms
		DebugPPL|Win32 = DebugPPL|Win32
		DebugTBB|Mixed Platforms = DebugTBB|Mixed Platforms
		DebugTBB|Win32 = DebugTBB|Win32
		Release|Mixed Platforms = Release|Mixed Platforms
		Release|Win32 = Release|Win32
		ReleaseCUDA|Mixed Platforms = ReleaseCUDA|Mixed Platforms
		ReleaseCUDA|Win32 = ReleaseCUDA|Win32
		ReleaseOpenCL|Mixed Platforms = ReleaseOpenCL|Mixed Platforms
		ReleaseOpenCL|Win32 = ReleaseOpenCL|Win32
		ReleasePPL|Mixed Platforms = ReleasePPL|Mixed Platforms
		ReleasePPL|Win32 = ReleasePPL|Win32
		ReleaseTBB|Mixed Platforms = ReleaseTBB|Mixed Platforms
		ReleaseTBB|Win32 = ReleaseTBB|Win32
	EndGlobalSection
	GlobalSection(ProjectConfigurationPlatforms) = postSolution
		{866919C1-8C45-4EA6-A577-9322CD51AA87}.Debug|Mixed Platforms.ActiveCfg = Debug|x86
		{866919C1-8C45-4EA6-A577-9322CD51AA87}.Debug|Mixed Platforms.Build.0 = Debug|x86
		{866919C1-8C45-4EA6-A577-9322CD51AA87}.Debug|Win32.ActiveCfg = Debug|x86
		{866919C1-8C45-4EA6-A577-9322CD51AA87}.DebugCUDA|Mixed Platforms.ActiveCfg = DebugCUDA|x86
		{866919C1-8C45-4EA6-A577-9322CD51AA87}.DebugCUDA|Mixed Platforms.Build.0 = DebugCUDA|x86
		{866919C1-8C45-4EA6-A577-9322CD51AA87}.DebugCUDA|Win32.ActiveCfg = DebugCUDA|x86
		{866919C1-8C45-4EA6-A577-9322CD51AA87}.DebugOpenCL|Mixed Platforms.ActiveCfg = DebugOpenCL|x86
		{866919C1-8C45-4EA6-A577-9322CD51AA87}.DebugOpenCL|Mixed Platforms.Build.0 = DebugOpenCL|x86
		{866919C1-8C45-4EA6-A577-9322CD51AA87}.DebugOpenCL|Win32.ActiveCfg = DebugOpenCL|x86
		{866919C1-8C45-4EA6-A577-9322CD51AA87}.DebugPPL|Mixed Platforms.ActiveCfg = DebugPPL|x86
		{866919C1-8C45-4EA6-A577-9322CD51AA87}.DebugPPL|Mixed Platforms.Build.0 = DebugPPL|x86
		{866919C1-8C45-4EA6-A577-9322CD51AA87}.DebugPPL|Win32.ActiveCfg = DebugPPL|x86
		{866919C1-8C45-4EA6-A577-9322CD51AA87}.DebugTBB|Mixed Platforms.ActiveCfg = DebugCUDA|x86
		{866919C1-8C45-4EA6-A577-9322CD51AA87}.DebugTBB|Mixed Platforms.Build.0 = DebugCUDA|x86
		{866919C1-8C45-4EA6-A577-9322CD51AA87}.DebugTBB|Win32.ActiveCfg = Debug|x86
		{866919C1-8C45-4EA6-A577-9322CD51AA87}.Release|Mixed Platforms.ActiveCfg = Release|x86
		{866919C1-8C45-4EA6-A577-9322CD51AA87}.Release|Mixed Platforms.Build.0 = Release|x86
		{866919C1-8C45-4EA6-A577-9322CD51AA87}.Release|Win32.ActiveCfg = Release|x86
		{866919C1-8C45-4EA6-A577-9322CD51AA87}.ReleaseCUDA|Mixed Platforms.ActiveCfg = ReleaseCUDA|x86
		{866919C1-8C45-4EA6-A577-9322CD51AA87}.ReleaseCUDA|Mixed Platforms.Build.0 = ReleaseCUDA|x86
		{866919C1-8C45-4EA6-A577-9322CD51AA87}.ReleaseCUDA|Win32.ActiveCfg = ReleaseCUDA|x86
		{866919C1-8C45-4EA6-A577-9322CD51AA87}.ReleaseOpenCL|Mixed Platforms.ActiveCfg = ReleaseOpenCL|x86
		{866919C1-8C45-4EA6-A577-9322CD51AA87}.ReleaseOpenCL|Mixed Platforms.Build.0 = ReleaseOpenCL|x86
		{866919C1-8C45-4EA6-A577-9322CD51AA87}.ReleaseOpenCL|Win32.ActiveCfg = ReleaseOpenCL|x86
		{866919C1-8C45-4EA6-A577-9322CD51AA87}.ReleasePPL|Mixed Platforms.ActiveCfg = ReleasePPL|x86
		{866919C1-8C45-4EA6-A577-9322CD51AA87}.ReleasePPL|Mixed Platforms.Build.0 = ReleasePPL|x86
		{866919C1-8C45-4EA6-A577-9322CD51AA87}.ReleasePPL|Win32.ActiveCfg = ReleasePPL|x86
		{866919C1-8C45-4EA6-A577-9322CD51AA87}.ReleasePPL|Win32.Build.0 = ReleasePPL|x86
		{866919C1-8C45-4EA6-A577-9322CD51AA87}.ReleaseTBB|Mixed Platforms.ActiveCfg = ReleaseTBB|x86
		{866919C1-8C45-4EA6-A577-9322CD51AA87}.ReleaseTBB|Mixed Platforms.Build.0 = ReleaseTBB|x86
		{866919C1-8C45-4EA6-A577-9322CD51AA87}.ReleaseTBB|Win32.ActiveCfg = Release|x86
		{616F4AFA-973F-4FE0-AB4C-6F537EE3EECF}.Debug|Mixed Platforms.ActiveCfg = Debug|Win32
		{616F4AFA-973F-4FE0-AB4C-6F537EE3EECF}.Debug|Mixed Platforms.Build.0 = Debug|Win32
		{616F4AFA-973F-4FE0-AB4C-6F537EE3EECF}.Debug|Win32.ActiveCfg = Debug|Win32
		{616F4AFA-973F-4FE0-AB4C-6F537EE3EECF}.Debug|Win32.Build.0 = Debug|Win32
		{616F4AFA-973F-4FE0-AB4C-6F537EE3EECF}.DebugCUDA|Mixed Platforms.ActiveCfg = DebugCUDA|Win32
		{616F4AFA-973F-4FE0-AB4C-6F537EE3EECF}.DebugCUDA|Mixed Platforms.Build.0 = DebugCUDA|Win32
		{616F4AFA-973F-4FE0-AB4C-6F537EE3EECF}.DebugCUDA|Win32.ActiveCfg = DebugCUDA|Win32
		{616F4AFA-973F-4FE0-AB4C-6F537EE3EECF}.DebugCUDA|Win32.Build.0 = DebugCUDA|Win32
		{616F4AFA-973F-4FE0-AB4C-6F537EE3EECF}.DebugOpenCL|Mixed Platforms.ActiveCfg = DebugOpenCL|Win32
		{616F4AFA-973F-4FE0-AB4C-6F537EE3EECF}.DebugOpenCL|Mixed Platforms.Build.0 = DebugOpenCL|Win32
		{616F4AFA-973F-4FE0-AB4C-6F537EE3EECF}.DebugOpenCL|Win32.ActiveCfg = DebugOpenCL|Win32
		{616F4AFA-973F-4FE0-AB4C-6F537EE3EECF}.DebugOpenCL|Win32.Build.0 = DebugOpenCL|Win32
		{616F4AFA-973F-4FE0-AB4C-6F537EE3EECF}.DebugPPL|Mixed Platforms.ActiveCfg = DebugPPL|Win32
		{616F4AFA-973F-4FE0-AB4C-6F537EE3EECF}.DebugPPL|Mixed Platforms.Build.0 = DebugPPL|Win32
		{616F4AFA-973F-4FE0-AB4C-6F537EE3EECF}.DebugPPL|Win32.ActiveCfg = DebugPPL|Win32
		{616F4AFA-973F-4FE0-AB4C-6F537EE3EECF}.DebugPPL|Win32.Build.0 = DebugPPL|Win32
		{616F4AFA-973F-4FE0-AB4C-6F537EE3EECF}.DebugTBB|Mixed Platforms.ActiveCfg = DebugCUDA|Win32
		{616F4AFA-973F-4FE0-AB4C-6F537EE3EECF}.DebugTBB|Mixed Platforms.Build.0 = DebugCUDA|Win32
		{616F4AFA-973F-4FE0-AB4C-6F537EE3EECF}.DebugTBB|Win32.ActiveCfg = Debug|Win32
		{616F4AFA-973F-4FE0-AB4C-6F537EE3EECF}.DebugTBB|Win32.Build.0 = Debug|Win32
		{616F4AFA-973F-4FE0-AB4C-6F537EE3EECF}.Release|Mixed Platforms.ActiveCfg = Release|Win32
		{616F4AFA-973F-4FE0-AB4C-6F537EE3EECF}.Release|Mixed Platforms.Build.0 = Release|Win32
		{616F4AFA-973F-4FE0-AB4C-6F537EE3EECF}.Release|Win32.ActiveCfg = Release|Win32
		{616F4AFA-973F-4FE0-AB4C-6F537EE3EECF}.Release|Win32.Build.0 = Release|Win32
		{616F4AFA-973F-4FE0-AB4C-6F537EE3EECF}.ReleaseCUDA|Mixed Platforms.ActiveCfg = ReleaseCUDA|Win32
		{616F4AFA-973F-4FE0-AB4C-6F537EE3EECF}.ReleaseCUDA|Mixed Platforms.Build.0 = ReleaseCUDA|Win32
		{616F4AFA-973F-4FE0-AB4C-6F537EE3EECF}.ReleaseCUDA|Win32.ActiveCfg = ReleaseCUDA|Win32
		{616F4AFA-973F-4FE0-AB4C-6F537EE3EECF}.ReleaseCUDA|Win32.Build.0 = ReleaseCUDA|Win32
		{616F4AFA-973F-4FE0-AB4C-6F537EE3EECF}.ReleaseOpenCL|Mixed Platforms.ActiveCfg = ReleaseOpenCL|Win32
		{616F4AFA-973F-4FE0-AB4C-6F537EE3EECF}.ReleaseOpenCL|Mixed Platforms.Build.0 = ReleaseOpenCL|Win32
		{616F4AFA-973F-4FE0-AB4C-6F537EE3EECF}.ReleaseOpenCL|Win32.ActiveCfg = ReleaseOpenCL|Win32
		{616F4AFA-973F-4FE0-AB4C-6F537EE3EECF}.ReleaseOpenCL|Win32.Build.0 = ReleaseOpenCL|Win32
		{616F4AFA-973F-4FE0-AB4C-6F537EE3EECF}.ReleasePPL|Mixed Platforms.ActiveCfg = ReleasePPL|Win32
		{616F4AFA-973F-4FE0-AB4C-6F537EE3EECF}.ReleasePPL|Mixed Platforms.Build.0 = ReleasePPL|Win32
		{616F4AFA-973F-4FE0-AB4C-6F537EE3EECF}.ReleasePPL|Win32.ActiveCfg = ReleasePPL|Win32
		{616F4AFA-973F-4FE0-AB4C-6F537EE3EECF}.ReleasePPL|Win32.Build.0 = ReleasePPL|Win32
		{616F4AFA-973F-4FE0-AB4C-6F537EE3EECF}.ReleaseTBB|Mixed Platforms.ActiveCfg = ReleaseTBB|Win32
		{616F4AFA-973F-4FE0-AB4C-6F537EE3EECF}.ReleaseTBB|Mixed Platforms.Build.0 = ReleaseTBB|Win32
		{616F4AFA-973F-4FE0-AB4C-6F537EE3EECF}.ReleaseTBB|Win32.ActiveCfg = Release|Win32
		{616F4AFA-973F-4FE0-AB4C-6F537EE3EECF}.ReleaseTBB|Win32.Build.0 = Release|Win32
		{359844B8-B37C-4C53-9D9A-59D81B2377AA}.Debug|Mixed Platforms.ActiveCfg = Debug|Win32
		{359844B8-B37C-4C53-9D9A-59D81B2377AA}.Debug|Mixed Platforms.Build.0 = Debug|Win32
		{359844B8-B37C-4C53-9D9A-59D81B2377AA}.Debug|Win32.ActiveCfg = Debug|Win32
		{359844B8-B37C-4C53-9D9A-59D81B2377AA}.Debug|Win32.Build.0 = Debug|Win32
		{359844B8-B37C-4C53-9D9A-59D81B2377AA}.DebugCUDA|Mixed Platforms.ActiveCfg = DebugCUDA|Win32
		{359844B8-B37C-4C53-9D9A-59D81B2377AA}.DebugCUDA|Mixed Platforms.Build.0 = DebugCUDA|Win32
		{359844B8-B37C-4C53-9D9A-59D81B2377AA}.DebugCUDA|Win32.ActiveCfg = DebugCUDA|Win32
		{359844B8-B37C-4C53-9D9A-59D81B2377AA}.DebugCUDA|Win32.Build.0 = DebugCUDA|Win32
		{359844B8-B37C-4C53-9D9A-59D81B2377AA}.DebugOpenCL|Mixed Platforms.ActiveCfg = DebugOpenCL|Win32
		{359844B8-B37C-4C53-9D9A-59D81B2377AA}.DebugOpenCL|Mixed Platforms.Build.0 = DebugOpenCL|Win32
		{359844B8-B37C-4C53-9D9A-59D81B2377AA}.DebugOpenCL|Win32.ActiveCfg = DebugOpenCL|Win32
		{359844B8-B37C-4C53-9D9A-59D81B2377AA}.DebugOpenCL|Win32.Build.0 = DebugOpenCL|Win32
		{359844B8-B37C-4C53-9D9A-59D81B2377AA}.DebugPPL|Mixed Platforms.ActiveCfg = DebugPPL|Win32
		{359844B8-B37C-4C53-9D9A-59D81B2377AA}.DebugPPL|Mixed Platforms.Build.0 = DebugPPL|Win32
		{359844B8-B37C-4C53-9D9A-59D81B2377AA}.DebugPPL|Win32.ActiveCfg = DebugPPL|Win32
		{359844B8-B37C-4C53-9D9A-59D81B2377AA}.DebugPPL|Win32.Build.0 = DebugPPL|Win32
		{359844B8-B37C-4C53-9D9A-59D81B2377AA}.DebugTBB|Mixed Platforms.ActiveCfg = DebugTBB|Win32
		{359844B8-B37C-4C53-9D9A-59D81B2377AA}.DebugTBB|Mixed Platforms.Build.0 = DebugTBB|Win32
		{359844B8-B37C-4C53-9D9A-59D81B2377AA}.DebugTBB|Win32.ActiveCfg = DebugTBB|Win32
		{359844B8-B37C-4C53-9D9A-59D81B2377AA}.DebugTBB|Win32.Build.0 = DebugTBB|Win32
		{359844B8-B37C-4C53-9D9A-59D81B2377AA}.Release|Mixed Platforms.ActiveCfg = Release|Win32
		{359844B8-B37C-4C53-9D9A-59D81B2377AA}.Release|Mixed Platforms.Build.0 = Release|Win32
		{359844B8-B37C-4C53-9D9A-59D81B2377AA}.Release|Win32.ActiveCfg = Release|Win32
		{359844B8-B37C-4C53-9D9A-59D81B2377AA}.Release|Win32.Build.0 = Release|Win32
		{359844B8-B37C-4C53-9D9A-59D81B2377AA}.ReleaseCUDA|Mixed Platforms.ActiveCfg = ReleaseCUDA|Win32
		{359844B8-B37C-4C53-9D9A-59D81B2377AA}.ReleaseCUDA|Mixed Platforms.Build.0 = ReleaseCUDA|Win32
		{359844B8-B37C-4C53-9D9A-59D81B2377AA}.ReleaseCUDA|Win32.ActiveCfg = ReleaseCUDA|Win32
		{359844B8-B37C-4C53-9D9A-59D81B2377AA}.ReleaseCUDA|Win32.Build.0 = ReleaseCUDA|Win32
		{359844B8-B37C-4C53-9D9A-59D81B2377AA}.ReleaseOpenCL|Mixed Platforms.ActiveCfg = ReleaseOpenCL|Win32
		{359844B8-B37C-4C53-9D9A-59D81B2377AA}.ReleaseOpenCL|Mixed Platforms.Build.0 = ReleaseOpenCL|Win32
		{359844B8-B37C-4C53-9D9A-59D81B2377AA}.ReleaseOpenCL|Win32.ActiveCfg = ReleaseOpenCL|Win32
		{359844B8-B37C-4C53-9D9A-59D81B2377AA}.ReleaseOpenCL|Win32.Build.0 = ReleaseOpenCL|Win32
		{359844B8-B37C-4C53-9D9A-59D81B2377AA}.ReleasePPL|Mixed Platforms.ActiveCfg = ReleasePPL|Win32
		{359844B8-B37C-4C53-9D9A-59D81B2377AA}.ReleasePPL|Mixed Platforms.Build.0 = ReleasePPL|Win32
		{359844B8-B37C-4C53-9D9A-59D81B2377AA}.ReleasePPL|Win32.ActiveCfg = ReleasePPL|Win32
		{359844B8-B37C-4C53-9D9A-59D81B2377AA}.ReleasePPL|Win32.Build.0 = ReleasePPL|Win32
		{359844B8-B37C-4C53-9D9A-59D81B2377AA}.ReleaseTBB|Mixed Platforms.ActiveCfg = ReleaseTBB|Win32
		{359844B8-B37C-4C53-9D9A-59D81B2377AA}.ReleaseTBB|Mixed Platforms.Build.0 = ReleaseTBB|Win32
		{359844B8-B37C-4C53-9D9A-59D81B2377AA}.ReleaseTBB|Win32.ActiveCfg = ReleaseTBB|Win32
		{359844B8-B37C-4C53-9D9A-59D81B2377AA}.ReleaseTBB|Win32.Build.0 = ReleaseTBB|Win32
	EndGlobalSection
	GlobalSection(SolutionProperties) = preSolution
		HideSolutionNode = FALSE
	EndGlobalSection
EndGlobal
